{
  "requires": true,
  "lockfileVersion": 1,
  "dependencies": {
    "d3-array": {
      "version": "1.2.1",
      "resolved": "https://registry.npmjs.org/d3-array/-/d3-array-1.2.1.tgz",
      "integrity": "sha512-CyINJQ0SOUHojDdFDH4JEM0552vCR1utGyLHegJHyYH0JyCpSeTPxi4OBqHMA2jJZq4NH782LtaJWBImqI/HBw=="
    },
    "d3-tile": {
      "version": "0.0.4",
      "resolved": "https://registry.npmjs.org/d3-tile/-/d3-tile-0.0.4.tgz",
      "integrity": "sha1-LV+N7CB78+n9w4/HTkXXw6s6qAg=",
      "requires": {
        "d3-array": "1.2.1"
      }
    },
    "simple-statistics": {
      "version": "5.2.0",
      "resolved": "https://registry.npmjs.org/simple-statistics/-/simple-statistics-5.2.0.tgz",
      "integrity": "sha512-7vwnPjDITQkSSDcbYRzywpYrXKUM+MrxNK9y/hfdBn2x9486n+tUrbAzG96Sp4KZO30eNnoGSzvYIiZ7lxrt2Q=="
    }
  }
}
